
Microsoft Visual Studio Solution File, Format Version 12.00
# Visual Studio Version 17
VisualStudioVersion = 17.2.32616.157
MinimumVisualStudioVersion = 10.0.40219.1
Project("{FAE04EC0-301F-11D3-BF4B-00C04F79EFBC}") = "Lumia", "Lumia\Lumia.csproj", "{895F8D7C-0FDB-4C74-A77C-FEB4DD970E13}"
EndProject
Global
	GlobalSection(SolutionConfigurationPlatforms) = preSolution
		Debug|Any CPU = Debug|Any CPU
		Release|Any CPU = Release|Any CPU
	EndGlobalSection
	GlobalSection(ProjectConfigurationPlatforms) = postSolution
		{895F8D7C-0FDB-4C74-A77C-FEB4DD970E13}.Debug|Any CPU.ActiveCfg = Debug|Any CPU
		{895F8D7C-0FDB-4C74-A77C-FEB4DD970E13}.Debug|Any CPU.Build.0 = Debug|Any CPU
		{895F8D7C-0FDB-4C74-A77C-FEB4DD970E13}.Release|Any CPU.ActiveCfg = Release|Any CPU
		{895F8D7C-0FDB-4C74-A77C-FEB4DD970E13}.Release|Any CPU.Build.0 = Release|Any CPU
	EndGlobalSection
	GlobalSection(SolutionProperties) = preSolution
		HideSolutionNode = FALSE
	EndGlobalSection
	GlobalSection(ExtensibilityGlobals) = postSolution
		SolutionGuid = {01B74806-B9E7-48B8-BA91-2F79059C2A86}
	EndGlobalSection
EndGlobal
